
Microsoft Visual Studio Solution File, Format Version 12.00
# Visual Studio Version 17
VisualStudioVersion = 17.4.33122.133
MinimumVisualStudioVersion = 10.0.40219.1
Project("{9A19103F-16F7-4668-BE54-9A1E7A4F7556}") = "Warehouse", "Warehouse\Warehouse.csproj", "{3158DE4B-8151-4355-8867-FA92F27AEAC0}"
EndProject
Project("{FAE04EC0-301F-11D3-BF4B-00C04F79EFBC}") = "Warehouse.Tests", "Warehouse.Tests\Warehouse.Tests.csproj", "{28A2237B-1EF0-458F-8ABB-1EE61415D269}"
EndProject
Global
	GlobalSection(SolutionConfigurationPlatforms) = preSolution
		Debug|Any CPU = Debug|Any CPU
		Release|Any CPU = Release|Any CPU
	EndGlobalSection
	GlobalSection(ProjectConfigurationPlatforms) = postSolution
		{3158DE4B-8151-4355-8867-FA92F27AEAC0}.Debug|Any CPU.ActiveCfg = Debug|Any CPU
		{3158DE4B-8151-4355-8867-FA92F27AEAC0}.Debug|Any CPU.Build.0 = Debug|Any CPU
		{3158DE4B-8151-4355-8867-FA92F27AEAC0}.Release|Any CPU.ActiveCfg = Release|Any CPU
		{3158DE4B-8151-4355-8867-FA92F27AEAC0}.Release|Any CPU.Build.0 = Release|Any CPU
		{28A2237B-1EF0-458F-8ABB-1EE61415D269}.Debug|Any CPU.ActiveCfg = Debug|Any CPU
		{28A2237B-1EF0-458F-8ABB-1EE61415D269}.Debug|Any CPU.Build.0 = Debug|Any CPU
		{28A2237B-1EF0-458F-8ABB-1EE61415D269}.Release|Any CPU.ActiveCfg = Release|Any CPU
		{28A2237B-1EF0-458F-8ABB-1EE61415D269}.Release|Any CPU.Build.0 = Release|Any CPU
	EndGlobalSection
	GlobalSection(SolutionProperties) = preSolution
		HideSolutionNode = FALSE
	EndGlobalSection
	GlobalSection(ExtensibilityGlobals) = postSolution
		SolutionGuid = {FF9530D0-704A-49CA-9366-170FC5C54427}
	EndGlobalSection
EndGlobal
